
Microsoft Visual Studio Solution File, Format Version 12.00
# Visual Studio Version 17
VisualStudioVersion = 17.7.34221.43
MinimumVisualStudioVersion = 10.0.40219.1
Project("{FAE04EC0-301F-11D3-BF4B-00C04F79EFBC}") = "MOdelValidation", "MOdelValidation\MOdelValidation.csproj", "{CF06236E-E168-4AB3-85A5-B3A60990B96F}"
EndProject
Global
	GlobalSection(SolutionConfigurationPlatforms) = preSolution
		Debug|Any CPU = Debug|Any CPU
		Release|Any CPU = Release|Any CPU
	EndGlobalSection
	GlobalSection(ProjectConfigurationPlatforms) = postSolution
		{CF06236E-E168-4AB3-85A5-B3A60990B96F}.Debug|Any CPU.ActiveCfg = Debug|Any CPU
		{CF06236E-E168-4AB3-85A5-B3A60990B96F}.Debug|Any CPU.Build.0 = Debug|Any CPU
		{CF06236E-E168-4AB3-85A5-B3A60990B96F}.Release|Any CPU.ActiveCfg = Release|Any CPU
		{CF06236E-E168-4AB3-85A5-B3A60990B96F}.Release|Any CPU.Build.0 = Release|Any CPU
	EndGlobalSection
	GlobalSection(SolutionProperties) = preSolution
		HideSolutionNode = FALSE
	EndGlobalSection
	GlobalSection(ExtensibilityGlobals) = postSolution
		SolutionGuid = {B83DB014-2690-40A7-AE49-ACB87B22E513}
	EndGlobalSection
EndGlobal
